
Microsoft Visual Studio Solution File, Format Version 12.00
# Visual Studio Version 16
VisualStudioVersion = 16.0.30320.27
MinimumVisualStudioVersion = 10.0.40219.1
Project("{FAE04EC0-301F-11D3-BF4B-00C04F79EFBC}") = "FooBarQix", "FooBarQix\FooBarQix.csproj", "{7DE3E44A-A6B1-416C-B6A5-3E2A3962D467}"
EndProject
Global
	GlobalSection(SolutionConfigurationPlatforms) = preSolution
		Debug|Any CPU = Debug|Any CPU
		Release|Any CPU = Release|Any CPU
	EndGlobalSection
	GlobalSection(ProjectConfigurationPlatforms) = postSolution
		{7DE3E44A-A6B1-416C-B6A5-3E2A3962D467}.Debug|Any CPU.ActiveCfg = Debug|Any CPU
		{7DE3E44A-A6B1-416C-B6A5-3E2A3962D467}.Debug|Any CPU.Build.0 = Debug|Any CPU
		{7DE3E44A-A6B1-416C-B6A5-3E2A3962D467}.Release|Any CPU.ActiveCfg = Release|Any CPU
		{7DE3E44A-A6B1-416C-B6A5-3E2A3962D467}.Release|Any CPU.Build.0 = Release|Any CPU
	EndGlobalSection
	GlobalSection(SolutionProperties) = preSolution
		HideSolutionNode = FALSE
	EndGlobalSection
	GlobalSection(ExtensibilityGlobals) = postSolution
		SolutionGuid = {10A25A2F-122E-44A7-B9C9-1FB7136E6AD3}
	EndGlobalSection
EndGlobal
